
Microsoft Visual Studio Solution File, Format Version 12.00
# Visual Studio Version 16
VisualStudioVersion = 16.0.29403.142
MinimumVisualStudioVersion = 10.0.40219.1
Project("{FAE04EC0-301F-11D3-BF4B-00C04F79EFBC}") = "Voorkant", "Voorkant\Voorkant.csproj", "{FAF4C917-BAEA-4482-A98A-D5134B527F49}"
EndProject
Global
	GlobalSection(SolutionConfigurationPlatforms) = preSolution
		Debug|Any CPU = Debug|Any CPU
		Release|Any CPU = Release|Any CPU
	EndGlobalSection
	GlobalSection(ProjectConfigurationPlatforms) = postSolution
		{FAF4C917-BAEA-4482-A98A-D5134B527F49}.Debug|Any CPU.ActiveCfg = Debug|Any CPU
		{FAF4C917-BAEA-4482-A98A-D5134B527F49}.Debug|Any CPU.Build.0 = Debug|Any CPU
		{FAF4C917-BAEA-4482-A98A-D5134B527F49}.Release|Any CPU.ActiveCfg = Release|Any CPU
		{FAF4C917-BAEA-4482-A98A-D5134B527F49}.Release|Any CPU.Build.0 = Release|Any CPU
	EndGlobalSection
	GlobalSection(SolutionProperties) = preSolution
		HideSolutionNode = FALSE
	EndGlobalSection
	GlobalSection(ExtensibilityGlobals) = postSolution
		SolutionGuid = {48E3349D-8917-48C2-9F88-A3D4596A05D2}
	EndGlobalSection
EndGlobal
